
Microsoft Visual Studio Solution File, Format Version 12.00
# Visual Studio Version 17
VisualStudioVersion = 17.10.35004.147
MinimumVisualStudioVersion = 10.0.40219.1
Project("{FAE04EC0-301F-11D3-BF4B-00C04F79EFBC}") = "Project 01", "Project 01\Project 01.csproj", "{BC837CDD-DCAA-4F83-82A1-9ECAD0175C8C}"
EndProject
Global
	GlobalSection(SolutionConfigurationPlatforms) = preSolution
		Debug|Any CPU = Debug|Any CPU
		Release|Any CPU = Release|Any CPU
	EndGlobalSection
	GlobalSection(ProjectConfigurationPlatforms) = postSolution
		{BC837CDD-DCAA-4F83-82A1-9ECAD0175C8C}.Debug|Any CPU.ActiveCfg = Debug|Any CPU
		{BC837CDD-DCAA-4F83-82A1-9ECAD0175C8C}.Debug|Any CPU.Build.0 = Debug|Any CPU
		{BC837CDD-DCAA-4F83-82A1-9ECAD0175C8C}.Release|Any CPU.ActiveCfg = Release|Any CPU
		{BC837CDD-DCAA-4F83-82A1-9ECAD0175C8C}.Release|Any CPU.Build.0 = Release|Any CPU
	EndGlobalSection
	GlobalSection(SolutionProperties) = preSolution
		HideSolutionNode = FALSE
	EndGlobalSection
	GlobalSection(ExtensibilityGlobals) = postSolution
		SolutionGuid = {CF895FEB-3DDA-4604-A6F3-75727B11EB7B}
	EndGlobalSection
EndGlobal
